
Microsoft Visual Studio Solution File, Format Version 12.00
# Visual Studio Version 17
VisualStudioVersion = 17.0.31903.59
MinimumVisualStudioVersion = 10.0.40219.1
Project("{9A19103F-16F7-4668-BE54-9A1E7A4F7556}") = "PVPredictor.Tests", "PVPredictor.Tests\PVPredictor.Tests.csproj", "{B8F9EDD2-F3EE-4F1E-BE59-050067940B1C}"
EndProject
Project("{9A19103F-16F7-4668-BE54-9A1E7A4F7556}") = "PVPredictor.WebAPI", "PVPredictor.WebApi\PVPredictor.WebAPI.csproj", "{74281276-B55C-42AD-BDC4-2B95F46D9234}"
EndProject
Global
	GlobalSection(SolutionConfigurationPlatforms) = preSolution
		Debug|Any CPU = Debug|Any CPU
		Release|Any CPU = Release|Any CPU
	EndGlobalSection
	GlobalSection(ProjectConfigurationPlatforms) = postSolution
		{B8F9EDD2-F3EE-4F1E-BE59-050067940B1C}.Debug|Any CPU.ActiveCfg = Debug|Any CPU
		{B8F9EDD2-F3EE-4F1E-BE59-050067940B1C}.Debug|Any CPU.Build.0 = Debug|Any CPU
		{B8F9EDD2-F3EE-4F1E-BE59-050067940B1C}.Release|Any CPU.ActiveCfg = Release|Any CPU
		{B8F9EDD2-F3EE-4F1E-BE59-050067940B1C}.Release|Any CPU.Build.0 = Release|Any CPU
		{74281276-B55C-42AD-BDC4-2B95F46D9234}.Debug|Any CPU.ActiveCfg = Debug|Any CPU
		{74281276-B55C-42AD-BDC4-2B95F46D9234}.Debug|Any CPU.Build.0 = Debug|Any CPU
		{74281276-B55C-42AD-BDC4-2B95F46D9234}.Release|Any CPU.ActiveCfg = Release|Any CPU
		{74281276-B55C-42AD-BDC4-2B95F46D9234}.Release|Any CPU.Build.0 = Release|Any CPU
	EndGlobalSection
	GlobalSection(SolutionProperties) = preSolution
		HideSolutionNode = FALSE
	EndGlobalSection
EndGlobal
